
Microsoft Visual Studio Solution File, Format Version 12.00
Project("{FAE04EC0-301F-11D3-BF4B-00C04F79EFBC}") = "Oprim.Application", "Oprim.Application\Oprim.Application.csproj", "{A6578A02-839B-4957-B291-4BBF8A016B65}"
EndProject
Project("{FAE04EC0-301F-11D3-BF4B-00C04F79EFBC}") = "Oprim.Domain", "Oprim.Domain\Oprim.Domain.csproj", "{07EF9115-BE47-4973-8DF4-E349A160881D}"
EndProject
Project("{FAE04EC0-301F-11D3-BF4B-00C04F79EFBC}") = "Oprim.Infrastructure", "Oprim.Infrastructure\Oprim.Infrastructure.csproj", "{29C72747-99A1-49A4-961B-02F41C68E412}"
EndProject
Project("{FAE04EC0-301F-11D3-BF4B-00C04F79EFBC}") = "Oprim.Ui", "Oprim.Ui\Oprim.Ui.csproj", "{7E9C5D5A-C08F-4E82-8A4C-B184AB66C6E7}"
EndProject
Global
	GlobalSection(SolutionConfigurationPlatforms) = preSolution
		Debug|Any CPU = Debug|Any CPU
		Release|Any CPU = Release|Any CPU
	EndGlobalSection
	GlobalSection(ProjectConfigurationPlatforms) = postSolution
		{A6578A02-839B-4957-B291-4BBF8A016B65}.Debug|Any CPU.ActiveCfg = Debug|Any CPU
		{A6578A02-839B-4957-B291-4BBF8A016B65}.Debug|Any CPU.Build.0 = Debug|Any CPU
		{A6578A02-839B-4957-B291-4BBF8A016B65}.Release|Any CPU.ActiveCfg = Release|Any CPU
		{A6578A02-839B-4957-B291-4BBF8A016B65}.Release|Any CPU.Build.0 = Release|Any CPU
		{07EF9115-BE47-4973-8DF4-E349A160881D}.Debug|Any CPU.ActiveCfg = Debug|Any CPU
		{07EF9115-BE47-4973-8DF4-E349A160881D}.Debug|Any CPU.Build.0 = Debug|Any CPU
		{07EF9115-BE47-4973-8DF4-E349A160881D}.Release|Any CPU.ActiveCfg = Release|Any CPU
		{07EF9115-BE47-4973-8DF4-E349A160881D}.Release|Any CPU.Build.0 = Release|Any CPU
		{29C72747-99A1-49A4-961B-02F41C68E412}.Debug|Any CPU.ActiveCfg = Debug|Any CPU
		{29C72747-99A1-49A4-961B-02F41C68E412}.Debug|Any CPU.Build.0 = Debug|Any CPU
		{29C72747-99A1-49A4-961B-02F41C68E412}.Release|Any CPU.ActiveCfg = Release|Any CPU
		{29C72747-99A1-49A4-961B-02F41C68E412}.Release|Any CPU.Build.0 = Release|Any CPU
		{7E9C5D5A-C08F-4E82-8A4C-B184AB66C6E7}.Debug|Any CPU.ActiveCfg = Debug|Any CPU
		{7E9C5D5A-C08F-4E82-8A4C-B184AB66C6E7}.Debug|Any CPU.Build.0 = Debug|Any CPU
		{7E9C5D5A-C08F-4E82-8A4C-B184AB66C6E7}.Release|Any CPU.ActiveCfg = Release|Any CPU
		{7E9C5D5A-C08F-4E82-8A4C-B184AB66C6E7}.Release|Any CPU.Build.0 = Release|Any CPU
	EndGlobalSection
EndGlobal
